
Microsoft Visual Studio Solution File, Format Version 12.00
# Visual Studio Version 17
VisualStudioVersion = 17.8.34330.188
MinimumVisualStudioVersion = 10.0.40219.1
Project("{FAE04EC0-301F-11D3-BF4B-00C04F79EFBC}") = "IRD", "IRD\IRD.csproj", "{70A0BBD6-99B9-435A-AA64-EB36ED9C7905}"
EndProject
Global
	GlobalSection(SolutionConfigurationPlatforms) = preSolution
		Debug|Any CPU = Debug|Any CPU
		Release|Any CPU = Release|Any CPU
	EndGlobalSection
	GlobalSection(ProjectConfigurationPlatforms) = postSolution
		{70A0BBD6-99B9-435A-AA64-EB36ED9C7905}.Debug|Any CPU.ActiveCfg = Debug|Any CPU
		{70A0BBD6-99B9-435A-AA64-EB36ED9C7905}.Debug|Any CPU.Build.0 = Debug|Any CPU
		{70A0BBD6-99B9-435A-AA64-EB36ED9C7905}.Debug|Any CPU.Deploy.0 = Debug|Any CPU
		{70A0BBD6-99B9-435A-AA64-EB36ED9C7905}.Release|Any CPU.ActiveCfg = Release|Any CPU
		{70A0BBD6-99B9-435A-AA64-EB36ED9C7905}.Release|Any CPU.Build.0 = Release|Any CPU
		{70A0BBD6-99B9-435A-AA64-EB36ED9C7905}.Release|Any CPU.Deploy.0 = Release|Any CPU
	EndGlobalSection
	GlobalSection(SolutionProperties) = preSolution
		HideSolutionNode = FALSE
	EndGlobalSection
	GlobalSection(ExtensibilityGlobals) = postSolution
		SolutionGuid = {EC46CCA2-C971-4CE3-98D2-64B4CF438387}
	EndGlobalSection
EndGlobal
